// !$*UTF8*$!
{
	archiveVersion = 1;
	classes = {
	};
	objectVersion = 46;
	objects = {

/* Begin PBXBuildFile section */
		F95EACE81A89AF2E00E15DB6 /* Interface.storyboard in Resources */ = {isa = PBXBuildFile; fileRef = F985E7031A746625000311AB /* Interface.storyboard */; };
		F985E6C91A74660F000311AB /* AppDelegate.swift in Sources */ = {isa = PBXBuildFile; fileRef = F985E6C81A74660F000311AB /* AppDelegate.swift */; };
		F985E6CC1A74660F000311AB /* GeoLocation_App_Watch.xcdatamodeld in Sources */ = {isa = PBXBuildFile; fileRef = F985E6CA1A74660F000311AB /* GeoLocation_App_Watch.xcdatamodeld */; };
		F985E6CE1A74660F000311AB /* ViewController.swift in Sources */ = {isa = PBXBuildFile; fileRef = F985E6CD1A74660F000311AB /* ViewController.swift */; };
		F985E6D11A74660F000311AB /* Main.storyboard in Resources */ = {isa = PBXBuildFile; fileRef = F985E6CF1A74660F000311AB /* Main.storyboard */; };
		F985E6D31A74660F000311AB /* Images.xcassets in Resources */ = {isa = PBXBuildFile; fileRef = F985E6D21A74660F000311AB /* Images.xcassets */; };
		F985E6D61A74660F000311AB /* LaunchScreen.xib in Resources */ = {isa = PBXBuildFile; fileRef = F985E6D41A74660F000311AB /* LaunchScreen.xib */; };
		F985E6E21A74660F000311AB /* GeoLocation_App_WatchTests.swift in Sources */ = {isa = PBXBuildFile; fileRef = F985E6E11A74660F000311AB /* GeoLocation_App_WatchTests.swift */; };
		F985E6F51A746625000311AB /* InterfaceController.swift in Sources */ = {isa = PBXBuildFile; fileRef = F985E6F41A746625000311AB /* InterfaceController.swift */; };
		F985E6F71A746625000311AB /* NotificationController.swift in Sources */ = {isa = PBXBuildFile; fileRef = F985E6F61A746625000311AB /* NotificationController.swift */; };
		F985E6F91A746625000311AB /* Images.xcassets in Resources */ = {isa = PBXBuildFile; fileRef = F985E6F81A746625000311AB /* Images.xcassets */; };
		F985E6FD1A746625000311AB /* GeoLocation App Watch WatchKit App.app in Resources */ = {isa = PBXBuildFile; fileRef = F985E6FC1A746625000311AB /* GeoLocation App Watch WatchKit App.app */; };
		F985E7071A746625000311AB /* Images.xcassets in Resources */ = {isa = PBXBuildFile; fileRef = F985E7061A746625000311AB /* Images.xcassets */; };
		F985E70A1A746625000311AB /* GeoLocation App Watch WatchKit Extension.appex in Embed App Extensions */ = {isa = PBXBuildFile; fileRef = F985E6EF1A746625000311AB /* GeoLocation App Watch WatchKit Extension.appex */; settings = {ATTRIBUTES = (RemoveHeadersOnCopy, ); }; };
		F985E7131A746651000311AB /* CoreLocation.framework in Frameworks */ = {isa = PBXBuildFile; fileRef = F985E7121A746651000311AB /* CoreLocation.framework */; };
		F985E7151A746693000311AB /* Social.framework in Frameworks */ = {isa = PBXBuildFile; fileRef = F985E7141A746693000311AB /* Social.framework */; };
		F985E7161A748C1A000311AB /* CoreLocation.framework in Frameworks */ = {isa = PBXBuildFile; fileRef = F985E7121A746651000311AB /* CoreLocation.framework */; };
/* End PBXBuildFile section */

/* Begin PBXContainerItemProxy section */
		F985E6DC1A74660F000311AB /* PBXContainerItemProxy */ = {
			isa = PBXContainerItemProxy;
			containerPortal = F985E6BB1A74660F000311AB /* Project object */;
			proxyType = 1;
			remoteGlobalIDString = F985E6C21A74660F000311AB;
			remoteInfo = "GeoLocation App Watch";
		};
		F985E6FE1A746625000311AB /* PBXContainerItemProxy */ = {
			isa = PBXContainerItemProxy;
			containerPortal = F985E6BB1A74660F000311AB /* Project object */;
			proxyType = 1;
			remoteGlobalIDString = F985E6FB1A746625000311AB;
			remoteInfo = "GeoLocation App Watch WatchKit App";
		};
		F985E7081A746625000311AB /* PBXContainerItemProxy */ = {
			isa = PBXContainerItemProxy;
			containerPortal = F985E6BB1A74660F000311AB /* Project object */;
			proxyType = 1;
			remoteGlobalIDString = F985E6EE1A746625000311AB;
			remoteInfo = "GeoLocation App Watch WatchKit Extension";
		};
/* End PBXContainerItemProxy section */

/* Begin PBXCopyFilesBuildPhase section */
		F985E7111A746625000311AB /* Embed App Extensions */ = {
			isa = PBXCopyFilesBuildPhase;
			buildActionMask = 2147483647;
			dstPath = "";
			dstSubfolderSpec = 13;
			files = (
				F985E70A1A746625000311AB /* GeoLocation App Watch WatchKit Extension.appex in Embed App Extensions */,
			);
			name = "Embed App Extensions";
			runOnlyForDeploymentPostprocessing = 0;
		};
/* End PBXCopyFilesBuildPhase section */

/* Begin PBXFileReference section */
		F985E6C31A74660F000311AB /* GeoLocation App Watch.app */ = {isa = PBXFileReference; explicitFileType = wrapper.application; includeInIndex = 0; path = "GeoLocation App Watch.app"; sourceTree = BUILT_PRODUCTS_DIR; };
		F985E6C71A74660F000311AB /* Info.plist */ = {isa = PBXFileReference; lastKnownFileType = text.plist.xml; path = Info.plist; sourceTree = "<group>"; };
		F985E6C81A74660F000311AB /* AppDelegate.swift */ = {isa = PBXFileReference; lastKnownFileType = sourcecode.swift; path = AppDelegate.swift; sourceTree = "<group>"; };
		F985E6CB1A74660F000311AB /* GeoLocation_App_Watch.xcdatamodel */ = {isa = PBXFileReference; lastKnownFileType = wrapper.xcdatamodel; path = GeoLocation_App_Watch.xcdatamodel; sourceTree = "<group>"; };
		F985E6CD1A74660F000311AB /* ViewController.swift */ = {isa = PBXFileReference; lastKnownFileType = sourcecode.swift; path = ViewController.swift; sourceTree = "<group>"; };
		F985E6D01A74660F000311AB /* Base */ = {isa = PBXFileReference; lastKnownFileType = file.storyboard; name = Base; path = Base.lproj/Main.storyboard; sourceTree = "<group>"; };
		F985E6D21A74660F000311AB /* Images.xcassets */ = {isa = PBXFileReference; lastKnownFileType = folder.assetcatalog; path = Images.xcassets; sourceTree = "<group>"; };
		F985E6D51A74660F000311AB /* Base */ = {isa = PBXFileReference; lastKnownFileType = file.xib; name = Base; path = Base.lproj/LaunchScreen.xib; sourceTree = "<group>"; };
		F985E6DB1A74660F000311AB /* GeoLocation App WatchTests.xctest */ = {isa = PBXFileReference; explicitFileType = wrapper.cfbundle; includeInIndex = 0; path = "GeoLocation App WatchTests.xctest"; sourceTree = BUILT_PRODUCTS_DIR; };
		F985E6E01A74660F000311AB /* Info.plist */ = {isa = PBXFileReference; lastKnownFileType = text.plist.xml; path = Info.plist; sourceTree = "<group>"; };
		F985E6E11A74660F000311AB /* GeoLocation_App_WatchTests.swift */ = {isa = PBXFileReference; lastKnownFileType = sourcecode.swift; path = GeoLocation_App_WatchTests.swift; sourceTree = "<group>"; };
		F985E6EF1A746625000311AB /* GeoLocation App Watch WatchKit Extension.appex */ = {isa = PBXFileReference; explicitFileType = "wrapper.app-extension"; includeInIndex = 0; path = "GeoLocation App Watch WatchKit Extension.appex"; sourceTree = BUILT_PRODUCTS_DIR; };
		F985E6F21A746625000311AB /* Info.plist */ = {isa = PBXFileReference; lastKnownFileType = text.plist.xml; path = Info.plist; sourceTree = "<group>"; };
		F985E6F31A746625000311AB /* PushNotificationPayload.apns */ = {isa = PBXFileReference; lastKnownFileType = text; path = PushNotificationPayload.apns; sourceTree = "<group>"; };
		F985E6F41A746625000311AB /* InterfaceController.swift */ = {isa = PBXFileReference; lastKnownFileType = sourcecode.swift; path = InterfaceController.swift; sourceTree = "<group>"; };
		F985E6F61A746625000311AB /* NotificationController.swift */ = {isa = PBXFileReference; lastKnownFileType = sourcecode.swift; path = NotificationController.swift; sourceTree = "<group>"; };
		F985E6F81A746625000311AB /* Images.xcassets */ = {isa = PBXFileReference; lastKnownFileType = folder.assetcatalog; path = Images.xcassets; sourceTree = "<group>"; };
		F985E6FC1A746625000311AB /* GeoLocation App Watch WatchKit App.app */ = {isa = PBXFileReference; explicitFileType = wrapper.application; includeInIndex = 0; path = "GeoLocation App Watch WatchKit App.app"; sourceTree = BUILT_PRODUCTS_DIR; };
		F985E7021A746625000311AB /* Info.plist */ = {isa = PBXFileReference; lastKnownFileType = text.plist.xml; path = Info.plist; sourceTree = "<group>"; };
		F985E7041A746625000311AB /* Base */ = {isa = PBXFileReference; lastKnownFileType = file.storyboard; name = Base; path = Base.lproj/Interface.storyboard; sourceTree = "<group>"; };
		F985E7061A746625000311AB /* Images.xcassets */ = {isa = PBXFileReference; lastKnownFileType = folder.assetcatalog; path = Images.xcassets; sourceTree = "<group>"; };
		F985E7121A746651000311AB /* CoreLocation.framework */ = {isa = PBXFileReference; lastKnownFileType = wrapper.framework; name = CoreLocation.framework; path = System/Library/Frameworks/CoreLocation.framework; sourceTree = SDKROOT; };
		F985E7141A746693000311AB /* Social.framework */ = {isa = PBXFileReference; lastKnownFileType = wrapper.framework; name = Social.framework; path = System/Library/Frameworks/Social.framework; sourceTree = SDKROOT; };
/* End PBXFileReference section */

/* Begin PBXFrameworksBuildPhase section */
		F985E6C01A74660F000311AB /* Frameworks */ = {
			isa = PBXFrameworksBuildPhase;
			buildActionMask = 2147483647;
			files = (
				F985E7151A746693000311AB /* Social.framework in Frameworks */,
				F985E7131A746651000311AB /* CoreLocation.framework in Frameworks */,
			);
			runOnlyForDeploymentPostprocessing = 0;
		};
		F985E6D81A74660F000311AB /* Frameworks */ = {
			isa = PBXFrameworksBuildPhase;
			buildActionMask = 2147483647;
			files = (
			);
			runOnlyForDeploymentPostprocessing = 0;
		};
		F985E6EC1A746625000311AB /* Frameworks */ = {
			isa = PBXFrameworksBuildPhase;
			buildActionMask = 2147483647;
			files = (
				F985E7161A748C1A000311AB /* CoreLocation.framework in Frameworks */,
			);
			runOnlyForDeploymentPostprocessing = 0;
		};
/* End PBXFrameworksBuildPhase section */

/* Begin PBXGroup section */
		F985E6BA1A74660F000311AB = {
			isa = PBXGroup;
			children = (
				F985E7141A746693000311AB /* Social.framework */,
				F985E7121A746651000311AB /* CoreLocation.framework */,
				F985E6C51A74660F000311AB /* GeoLocation App Watch */,
				F985E6DE1A74660F000311AB /* GeoLocation App WatchTests */,
				F985E6F01A746625000311AB /* GeoLocation App Watch WatchKit Extension */,
				F985E7001A746625000311AB /* GeoLocation App Watch WatchKit App */,
				F985E6C41A74660F000311AB /* Products */,
			);
			sourceTree = "<group>";
		};
		F985E6C41A74660F000311AB /* Products */ = {
			isa = PBXGroup;
			children = (
				F985E6C31A74660F000311AB /* GeoLocation App Watch.app */,
				F985E6DB1A74660F000311AB /* GeoLocation App WatchTests.xctest */,
				F985E6EF1A746625000311AB /* GeoLocation App Watch WatchKit Extension.appex */,
				F985E6FC1A746625000311AB /* GeoLocation App Watch WatchKit App.app */,
			);
			name = Products;
			sourceTree = "<group>";
		};
		F985E6C51A74660F000311AB /* GeoLocation App Watch */ = {
			isa = PBXGroup;
			children = (
				F985E6C81A74660F000311AB /* AppDelegate.swift */,
				F985E6CD1A74660F000311AB /* ViewController.swift */,
				F985E6CF1A74660F000311AB /* Main.storyboard */,
				F985E6D21A74660F000311AB /* Images.xcassets */,
				F985E6D41A74660F000311AB /* LaunchScreen.xib */,
				F985E6CA1A74660F000311AB /* GeoLocation_App_Watch.xcdatamodeld */,
				F985E6C61A74660F000311AB /* Supporting Files */,
			);
			path = "GeoLocation App Watch";
			sourceTree = "<group>";
		};
		F985E6C61A74660F000311AB /* Supporting Files */ = {
			isa = PBXGroup;
			children = (
				F985E6C71A74660F000311AB /* Info.plist */,
			);
			name = "Supporting Files";
			sourceTree = "<group>";
		};
		F985E6DE1A74660F000311AB /* GeoLocation App WatchTests */ = {
			isa = PBXGroup;
			children = (
				F985E6E11A74660F000311AB /* GeoLocation_App_WatchTests.swift */,
				F985E6DF1A74660F000311AB /* Supporting Files */,
			);
			path = "GeoLocation App WatchTests";
			sourceTree = "<group>";
		};
		F985E6DF1A74660F000311AB /* Supporting Files */ = {
			isa = PBXGroup;
			children = (
				F985E6E01A74660F000311AB /* Info.plist */,
			);
			name = "Supporting Files";
			sourceTree = "<group>";
		};
		F985E6F01A746625000311AB /* GeoLocation App Watch WatchKit Extension */ = {
			isa = PBXGroup;
			children = (
				F985E6F41A746625000311AB /* InterfaceController.swift */,
				F985E6F61A746625000311AB /* NotificationController.swift */,
				F985E6F81A746625000311AB /* Images.xcassets */,
				F985E6F11A746625000311AB /* Supporting Files */,
			);
			path = "GeoLocation App Watch WatchKit Extension";
			sourceTree = "<group>";
		};
		F985E6F11A746625000311AB /* Supporting Files */ = {
			isa = PBXGroup;
			children = (
				F985E6F21A746625000311AB /* Info.plist */,
				F985E6F31A746625000311AB /* PushNotificationPayload.apns */,
			);
			name = "Supporting Files";
			sourceTree = "<group>";
		};
		F985E7001A746625000311AB /* GeoLocation App Watch WatchKit App */ = {
			isa = PBXGroup;
			children = (
				F985E7031A746625000311AB /* Interface.storyboard */,
				F985E7061A746625000311AB /* Images.xcassets */,
				F985E7011A746625000311AB /* Supporting Files */,
			);
			path = "GeoLocation App Watch WatchKit App";
			sourceTree = "<group>";
		};
		F985E7011A746625000311AB /* Supporting Files */ = {
			isa = PBXGroup;
			children = (
				F985E7021A746625000311AB /* Info.plist */,
			);
			name = "Supporting Files";
			sourceTree = "<group>";
		};
/* End PBXGroup section */

/* Begin PBXNativeTarget section */
		F985E6C21A74660F000311AB /* GeoLocation App Watch */ = {
			isa = PBXNativeTarget;
			buildConfigurationList = F985E6E51A74660F000311AB /* Build configuration list for PBXNativeTarget "GeoLocation App Watch" */;
			buildPhases = (
				F985E6BF1A74660F000311AB /* Sources */,
				F985E6C01A74660F000311AB /* Frameworks */,
				F985E6C11A74660F000311AB /* Resources */,
				F985E7111A746625000311AB /* Embed App Extensions */,
			);
			buildRules = (
			);
			dependencies = (
				F985E7091A746625000311AB /* PBXTargetDependency */,
			);
			name = "GeoLocation App Watch";
			productName = "GeoLocation App Watch";
			productReference = F985E6C31A74660F000311AB /* GeoLocation App Watch.app */;
			productType = "com.apple.product-type.application";
		};
		F985E6DA1A74660F000311AB /* GeoLocation App WatchTests */ = {
			isa = PBXNativeTarget;
			buildConfigurationList = F985E6E81A74660F000311AB /* Build configuration list for PBXNativeTarget "GeoLocation App WatchTests" */;
			buildPhases = (
				F985E6D71A74660F000311AB /* Sources */,
				F985E6D81A74660F000311AB /* Frameworks */,
				F985E6D91A74660F000311AB /* Resources */,
			);
			buildRules = (
			);
			dependencies = (
				F985E6DD1A74660F000311AB /* PBXTargetDependency */,
			);
			name = "GeoLocation App WatchTests";
			productName = "GeoLocation App WatchTests";
			productReference = F985E6DB1A74660F000311AB /* GeoLocation App WatchTests.xctest */;
			productType = "com.apple.product-type.bundle.unit-test";
		};
		F985E6EE1A746625000311AB /* GeoLocation App Watch WatchKit Extension */ = {
			isa = PBXNativeTarget;
			buildConfigurationList = F985E70E1A746625000311AB /* Build configuration list for PBXNativeTarget "GeoLocation App Watch WatchKit Extension" */;
			buildPhases = (
				F985E6EB1A746625000311AB /* Sources */,
				F985E6EC1A746625000311AB /* Frameworks */,
				F985E6ED1A746625000311AB /* Resources */,
			);
			buildRules = (
			);
			dependencies = (
				F985E6FF1A746625000311AB /* PBXTargetDependency */,
			);
			name = "GeoLocation App Watch WatchKit Extension";
			productName = "GeoLocation App Watch WatchKit Extension";
			productReference = F985E6EF1A746625000311AB /* GeoLocation App Watch WatchKit Extension.appex */;
			productType = "com.apple.product-type.watchkit-extension";
		};
		F985E6FB1A746625000311AB /* GeoLocation App Watch WatchKit App */ = {
			isa = PBXNativeTarget;
			buildConfigurationList = F985E70B1A746625000311AB /* Build configuration list for PBXNativeTarget "GeoLocation App Watch WatchKit App" */;
			buildPhases = (
				F985E6FA1A746625000311AB /* Resources */,
			);
			buildRules = (
			);
			dependencies = (
			);
			name = "GeoLocation App Watch WatchKit App";
			productName = "GeoLocation App Watch WatchKit App";
			productReference = F985E6FC1A746625000311AB /* GeoLocation App Watch WatchKit App.app */;
			productType = "com.apple.product-type.application.watchapp";
		};
/* End PBXNativeTarget section */

/* Begin PBXProject section */
		F985E6BB1A74660F000311AB /* Project object */ = {
			isa = PBXProject;
			attributes = {
				LastUpgradeCheck = 0620;
				ORGANIZATIONNAME = "INDRIT VOGLI";
				TargetAttributes = {
					F985E6C21A74660F000311AB = {
						CreatedOnToolsVersion = 6.2;
					};
					F985E6DA1A74660F000311AB = {
						CreatedOnToolsVersion = 6.2;
						TestTargetID = F985E6C21A74660F000311AB;
					};
					F985E6EE1A746625000311AB = {
						CreatedOnToolsVersion = 6.2;
					};
					F985E6FB1A746625000311AB = {
						CreatedOnToolsVersion = 6.2;
					};
				};
			};
			buildConfigurationList = F985E6BE1A74660F000311AB /* Build configuration list for PBXProject "GeoLocation App Watch" */;
			compatibilityVersion = "Xcode 3.2";
			developmentRegion = English;
			hasScannedForEncodings = 0;
			knownRegions = (
				en,
				Base,
			);
			mainGroup = F985E6BA1A74660F000311AB;
			productRefGroup = F985E6C41A74660F000311AB /* Products */;
			projectDirPath = "";
			projectRoot = "";
			targets = (
				F985E6C21A74660F000311AB /* GeoLocation App Watch */,
				F985E6DA1A74660F000311AB /* GeoLocation App WatchTests */,
				F985E6EE1A746625000311AB /* GeoLocation App Watch WatchKit Extension */,
				F985E6FB1A746625000311AB /* GeoLocation App Watch WatchKit App */,
			);
		};
/* End PBXProject section */

/* Begin PBXResourcesBuildPhase section */
		F985E6C11A74660F000311AB /* Resources */ = {
			isa = PBXResourcesBuildPhase;
			buildActionMask = 2147483647;
			files = (
				F985E6D11A74660F000311AB /* Main.storyboard in Resources */,
				F985E6D61A74660F000311AB /* LaunchScreen.xib in Resources */,
				F985E6D31A74660F000311AB /* Images.xcassets in Resources */,
			);
			runOnlyForDeploymentPostprocessing = 0;
		};
		F985E6D91A74660F000311AB /* Resources */ = {
			isa = PBXResourcesBuildPhase;
			buildActionMask = 2147483647;
			files = (
			);
			runOnlyForDeploymentPostprocessing = 0;
		};
		F985E6ED1A746625000311AB /* Resources */ = {
			isa = PBXResourcesBuildPhase;
			buildActionMask = 2147483647;
			files = (
				F985E6F91A746625000311AB /* Images.xcassets in Resources */,
				F95EACE81A89AF2E00E15DB6 /* Interface.storyboard in Resources */,
				F985E6FD1A746625000311AB /* GeoLocation App Watch WatchKit App.app in Resources */,
			);
			runOnlyForDeploymentPostprocessing = 0;
		};
		F985E6FA1A746625000311AB /* Resources */ = {
			isa = PBXResourcesBuildPhase;
			buildActionMask = 2147483647;
			files = (
				F985E7071A746625000311AB /* Images.xcassets in Resources */,
			);
			runOnlyForDeploymentPostprocessing = 0;
		};
/* End PBXResourcesBuildPhase section */

/* Begin PBXSourcesBuildPhase section */
		F985E6BF1A74660F000311AB /* Sources */ = {
			isa = PBXSourcesBuildPhase;
			buildActionMask = 2147483647;
			files = (
				F985E6CE1A74660F000311AB /* ViewController.swift in Sources */,
				F985E6CC1A74660F000311AB /* GeoLocation_App_Watch.xcdatamodeld in Sources */,
				F985E6C91A74660F000311AB /* AppDelegate.swift in Sources */,
			);
			runOnlyForDeploymentPostprocessing = 0;
		};
		F985E6D71A74660F000311AB /* Sources */ = {
			isa = PBXSourcesBuildPhase;
			buildActionMask = 2147483647;
			files = (
				F985E6E21A74660F000311AB /* GeoLocation_App_WatchTests.swift in Sources */,
			);
			runOnlyForDeploymentPostprocessing = 0;
		};
		F985E6EB1A746625000311AB /* Sources */ = {
			isa = PBXSourcesBuildPhase;
			buildActionMask = 2147483647;
			files = (
				F985E6F71A746625000311AB /* NotificationController.swift in Sources */,
				F985E6F51A746625000311AB /* InterfaceController.swift in Sources */,
			);
			runOnlyForDeploymentPostprocessing = 0;
		};
/* End PBXSourcesBuildPhase section */

/* Begin PBXTargetDependency section */
		F985E6DD1A74660F000311AB /* PBXTargetDependency */ = {
			isa = PBXTargetDependency;
			target = F985E6C21A74660F000311AB /* GeoLocation App Watch */;
			targetProxy = F985E6DC1A74660F000311AB /* PBXContainerItemProxy */;
		};
		F985E6FF1A746625000311AB /* PBXTargetDependency */ = {
			isa = PBXTargetDependency;
			target = F985E6FB1A746625000311AB /* GeoLocation App Watch WatchKit App */;
			targetProxy = F985E6FE1A746625000311AB /* PBXContainerItemProxy */;
		};
		F985E7091A746625000311AB /* PBXTargetDependency */ = {
			isa = PBXTargetDependency;
			target = F985E6EE1A746625000311AB /* GeoLocation App Watch WatchKit Extension */;
			targetProxy = F985E7081A746625000311AB /* PBXContainerItemProxy */;
		};
/* End PBXTargetDependency section */

/* Begin PBXVariantGroup section */
		F985E6CF1A74660F000311AB /* Main.storyboard */ = {
			isa = PBXVariantGroup;
			children = (
				F985E6D01A74660F000311AB /* Base */,
			);
			name = Main.storyboard;
			sourceTree = "<group>";
		};
		F985E6D41A74660F000311AB /* LaunchScreen.xib */ = {
			isa = PBXVariantGroup;
			children = (
				F985E6D51A74660F000311AB /* Base */,
			);
			name = LaunchScreen.xib;
			sourceTree = "<group>";
		};
		F985E7031A746625000311AB /* Interface.storyboard */ = {
			isa = PBXVariantGroup;
			children = (
				F985E7041A746625000311AB /* Base */,
			);
			name = Interface.storyboard;
			sourceTree = "<group>";
		};
/* End PBXVariantGroup section */

/* Begin XCBuildConfiguration section */
		F985E6E31A74660F000311AB /* Debug */ = {
			isa = XCBuildConfiguration;
			buildSettings = {
				ALWAYS_SEARCH_USER_PATHS = NO;
				CLANG_CXX_LANGUAGE_STANDARD = "gnu++0x";
				CLANG_CXX_LIBRARY = "libc++";
				CLANG_ENABLE_MODULES = YES;
				CLANG_ENABLE_OBJC_ARC = YES;
				CLANG_WARN_BOOL_CONVERSION = YES;
				CLANG_WARN_CONSTANT_CONVERSION = YES;
				CLANG_WARN_DIRECT_OBJC_ISA_USAGE = YES_ERROR;
				CLANG_WARN_EMPTY_BODY = YES;
				CLANG_WARN_ENUM_CONVERSION = YES;
				CLANG_WARN_INT_CONVERSION = YES;
				CLANG_WARN_OBJC_ROOT_CLASS = YES_ERROR;
				CLANG_WARN_UNREACHABLE_CODE = YES;
				CLANG_WARN__DUPLICATE_METHOD_MATCH = YES;
				"CODE_SIGN_IDENTITY[sdk=iphoneos*]" = "iPhone Developer";
				COPY_PHASE_STRIP = NO;
				ENABLE_STRICT_OBJC_MSGSEND = YES;
				GCC_C_LANGUAGE_STANDARD = gnu99;
				GCC_DYNAMIC_NO_PIC = NO;
				GCC_OPTIMIZATION_LEVEL = 0;
				GCC_PREPROCESSOR_DEFINITIONS = (
					"DEBUG=1",
					"$(inherited)",
				);
				GCC_SYMBOLS_PRIVATE_EXTERN = NO;
				GCC_WARN_64_TO_32_BIT_CONVERSION = YES;
				GCC_WARN_ABOUT_RETURN_TYPE = YES_ERROR;
				GCC_WARN_UNDECLARED_SELECTOR = YES;
				GCC_WARN_UNINITIALIZED_AUTOS = YES_AGGRESSIVE;
				GCC_WARN_UNUSED_FUNCTION = YES;
				GCC_WARN_UNUSED_VARIABLE = YES;
				IPHONEOS_DEPLOYMENT_TARGET = 8.2;
				MTL_ENABLE_DEBUG_INFO = YES;
				ONLY_ACTIVE_ARCH = YES;
				SDKROOT = iphoneos;
				SWIFT_OPTIMIZATION_LEVEL = "-Onone";
			};
			name = Debug;
		};
		F985E6E41A74660F000311AB /* Release */ = {
			isa = XCBuildConfiguration;
			buildSettings = {
				ALWAYS_SEARCH_USER_PATHS = NO;
				CLANG_CXX_LANGUAGE_STANDARD = "gnu++0x";
				CLANG_CXX_LIBRARY = "libc++";
				CLANG_ENABLE_MODULES = YES;
				CLANG_ENABLE_OBJC_ARC = YES;
				CLANG_WARN_BOOL_CONVERSION = YES;
				CLANG_WARN_CONSTANT_CONVERSION = YES;
				CLANG_WARN_DIRECT_OBJC_ISA_USAGE = YES_ERROR;
				CLANG_WARN_EMPTY_BODY = YES;
				CLANG_WARN_ENUM_CONVERSION = YES;
				CLANG_WARN_INT_CONVERSION = YES;
				CLANG_WARN_OBJC_ROOT_CLASS = YES_ERROR;
				CLANG_WARN_UNREACHABLE_CODE = YES;
				CLANG_WARN__DUPLICATE_METHOD_MATCH = YES;
				"CODE_SIGN_IDENTITY[sdk=iphoneos*]" = "iPhone Developer";
				COPY_PHASE_STRIP = NO;
				ENABLE_NS_ASSERTIONS = NO;
				ENABLE_STRICT_OBJC_MSGSEND = YES;
				GCC_C_LANGUAGE_STANDARD = gnu99;
				GCC_WARN_64_TO_32_BIT_CONVERSION = YES;
				GCC_WARN_ABOUT_RETURN_TYPE = YES_ERROR;
				GCC_WARN_UNDECLARED_SELECTOR = YES;
				GCC_WARN_UNINITIALIZED_AUTOS = YES_AGGRESSIVE;
				GCC_WARN_UNUSED_FUNCTION = YES;
				GCC_WARN_UNUSED_VARIABLE = YES;
				IPHONEOS_DEPLOYMENT_TARGET = 8.2;
				MTL_ENABLE_DEBUG_INFO = NO;
				SDKROOT = iphoneos;
				VALIDATE_PRODUCT = YES;
			};
			name = Release;
		};
		F985E6E61A74660F000311AB /* Debug */ = {
			isa = XCBuildConfiguration;
			buildSettings = {
				ASSETCATALOG_COMPILER_APPICON_NAME = AppIcon;
				EMBEDDED_CONTENT_CONTAINS_SWIFT = YES;
				INFOPLIST_FILE = "GeoLocation App Watch/Info.plist";
				LD_RUNPATH_SEARCH_PATHS = "$(inherited) @executable_path/Frameworks";
				PRODUCT_NAME = "$(TARGET_NAME)";
				TARGETED_DEVICE_FAMILY = "1,2";
			};
			name = Debug;
		};
		F985E6E71A74660F000311AB /* Release */ = {
			isa = XCBuildConfiguration;
			buildSettings = {
				ASSETCATALOG_COMPILER_APPICON_NAME = AppIcon;
				EMBEDDED_CONTENT_CONTAINS_SWIFT = YES;
				INFOPLIST_FILE = "GeoLocation App Watch/Info.plist";
				LD_RUNPATH_SEARCH_PATHS = "$(inherited) @executable_path/Frameworks";
				PRODUCT_NAME = "$(TARGET_NAME)";
				TARGETED_DEVICE_FAMILY = "1,2";
			};
			name = Release;
		};
		F985E6E91A74660F000311AB /* Debug */ = {
			isa = XCBuildConfiguration;
			buildSettings = {
				BUNDLE_LOADER = "$(TEST_HOST)";
				FRAMEWORK_SEARCH_PATHS = (
					"$(SDKROOT)/Developer/Library/Frameworks",
					"$(inherited)",
				);
				GCC_PREPROCESSOR_DEFINITIONS = (
					"DEBUG=1",
					"$(inherited)",
				);
				INFOPLIST_FILE = "GeoLocation App WatchTests/Info.plist";
				LD_RUNPATH_SEARCH_PATHS = "$(inherited) @executable_path/Frameworks @loader_path/Frameworks";
				PRODUCT_NAME = "$(TARGET_NAME)";
				TEST_HOST = "$(BUILT_PRODUCTS_DIR)/GeoLocation App Watch.app/GeoLocation App Watch";
			};
			name = Debug;
		};
		F985E6EA1A74660F000311AB /* Release */ = {
			isa = XCBuildConfiguration;
			buildSettings = {
				BUNDLE_LOADER = "$(TEST_HOST)";
				FRAMEWORK_SEARCH_PATHS = (
					"$(SDKROOT)/Developer/Library/Frameworks",
					"$(inherited)",
				);
				INFOPLIST_FILE = "GeoLocation App WatchTests/Info.plist";
				LD_RUNPATH_SEARCH_PATHS = "$(inherited) @executable_path/Frameworks @loader_path/Frameworks";
				PRODUCT_NAME = "$(TARGET_NAME)";
				TEST_HOST = "$(BUILT_PRODUCTS_DIR)/GeoLocation App Watch.app/GeoLocation App Watch";
			};
			name = Release;
		};
		F985E70C1A746625000311AB /* Debug */ = {
			isa = XCBuildConfiguration;
			buildSettings = {
				ASSETCATALOG_COMPILER_APPICON_NAME = AppIcon;
				ASSETCATALOG_COMPILER_LAUNCHIMAGE_NAME = LaunchImage;
				GCC_PREPROCESSOR_DEFINITIONS = (
					"DEBUG=1",
					"$(inherited)",
				);
				IBSC_MODULE = GeoLocation_App_Watch_WatchKit_Extension;
				INFOPLIST_FILE = "GeoLocation App Watch WatchKit App/Info.plist";
				PRODUCT_NAME = "$(TARGET_NAME)";
				SKIP_INSTALL = YES;
				TARGETED_DEVICE_FAMILY = 4;
				"TARGETED_DEVICE_FAMILY[sdk=iphonesimulator*]" = "1,4";
			};
			name = Debug;
		};
		F985E70D1A746625000311AB /* Release */ = {
			isa = XCBuildConfiguration;
			buildSettings = {
				ASSETCATALOG_COMPILER_APPICON_NAME = AppIcon;
				ASSETCATALOG_COMPILER_LAUNCHIMAGE_NAME = LaunchImage;
				IBSC_MODULE = GeoLocation_App_Watch_WatchKit_Extension;
				INFOPLIST_FILE = "GeoLocation App Watch WatchKit App/Info.plist";
				PRODUCT_NAME = "$(TARGET_NAME)";
				SKIP_INSTALL = YES;
				TARGETED_DEVICE_FAMILY = 4;
				"TARGETED_DEVICE_FAMILY[sdk=iphonesimulator*]" = "1,4";
			};
			name = Release;
		};
		F985E70F1A746625000311AB /* Debug */ = {
			isa = XCBuildConfiguration;
			buildSettings = {
				GCC_PREPROCESSOR_DEFINITIONS = (
					"DEBUG=1",
					"$(inherited)",
				);
				INFOPLIST_FILE = "GeoLocation App Watch WatchKit Extension/Info.plist";
				LD_RUNPATH_SEARCH_PATHS = "$(inherited) @executable_path/Frameworks @executable_path/../../Frameworks";
				PRODUCT_NAME = "${TARGET_NAME}";
				SKIP_INSTALL = YES;
			};
			name = Debug;
		};
		F985E7101A746625000311AB /* Release */ = {
			isa = XCBuildConfiguration;
			buildSettings = {
				INFOPLIST_FILE = "GeoLocation App Watch WatchKit Extension/Info.plist";
				LD_RUNPATH_SEARCH_PATHS = "$(inherited) @executable_path/Frameworks @executable_path/../../Frameworks";
				PRODUCT_NAME = "${TARGET_NAME}";
				SKIP_INSTALL = YES;
			};
			name = Release;
		};
/* End XCBuildConfiguration section */

/* Begin XCConfigurationList section */
		F985E6BE1A74660F000311AB /* Build configuration list for PBXProject "GeoLocation App Watch" */ = {
			isa = XCConfigurationList;
			buildConfigurations = (
				F985E6E31A74660F000311AB /* Debug */,
				F985E6E41A74660F000311AB /* Release */,
			);
			defaultConfigurationIsVisible = 0;
			defaultConfigurationName = Release;
		};
		F985E6E51A74660F000311AB /* Build configuration list for PBXNativeTarget "GeoLocation App Watch" */ = {
			isa = XCConfigurationList;
			buildConfigurations = (
				F985E6E61A74660F000311AB /* Debug */,
				F985E6E71A74660F000311AB /* Release */,
			);
			defaultConfigurationIsVisible = 0;
			defaultConfigurationName = Release;
		};
		F985E6E81A74660F000311AB /* Build configuration list for PBXNativeTarget "GeoLocation App WatchTests" */ = {
			isa = XCConfigurationList;
			buildConfigurations = (
				F985E6E91A74660F000311AB /* Debug */,
				F985E6EA1A74660F000311AB /* Release */,
			);
			defaultConfigurationIsVisible = 0;
			defaultConfigurationName = Release;
		};
		F985E70B1A746625000311AB /* Build configuration list for PBXNativeTarget "GeoLocation App Watch WatchKit App" */ = {
			isa = XCConfigurationList;
			buildConfigurations = (
				F985E70C1A746625000311AB /* Debug */,
				F985E70D1A746625000311AB /* Release */,
			);
			defaultConfigurationIsVisible = 0;
			defaultConfigurationName = Release;
		};
		F985E70E1A746625000311AB /* Build configuration list for PBXNativeTarget "GeoLocation App Watch WatchKit Extension" */ = {
			isa = XCConfigurationList;
			buildConfigurations = (
				F985E70F1A746625000311AB /* Debug */,
				F985E7101A746625000311AB /* Release */,
			);
			defaultConfigurationIsVisible = 0;
			defaultConfigurationName = Release;
		};
/* End XCConfigurationList section */

/* Begin XCVersionGroup section */
		F985E6CA1A74660F000311AB /* GeoLocation_App_Watch.xcdatamodeld */ = {
			isa = XCVersionGroup;
			children = (
				F985E6CB1A74660F000311AB /* GeoLocation_App_Watch.xcdatamodel */,
			);
			currentVersion = F985E6CB1A74660F000311AB /* GeoLocation_App_Watch.xcdatamodel */;
			path = GeoLocation_App_Watch.xcdatamodeld;
			sourceTree = "<group>";
			versionGroupType = wrapper.xcdatamodel;
		};
/* End XCVersionGroup section */
	};
	rootObject = F985E6BB1A74660F000311AB /* Project object */;
}
